
Microsoft Visual Studio Solution File, Format Version 12.00
# Visual Studio Version 16
VisualStudioVersion = 16.0.33328.57
MinimumVisualStudioVersion = 10.0.40219.1
Project("{FAE04EC0-301F-11D3-BF4B-00C04F79EFBC}") = "ProjectManager", "ProjectManager\ProjectManager.csproj", "{731B3A1F-58BF-40D3-B1F8-82C480217291}"
EndProject
Global
	GlobalSection(SolutionConfigurationPlatforms) = preSolution
		Debug|Any CPU = Debug|Any CPU
		Release|Any CPU = Release|Any CPU
	EndGlobalSection
	GlobalSection(ProjectConfigurationPlatforms) = postSolution
		{731B3A1F-58BF-40D3-B1F8-82C480217291}.Debug|Any CPU.ActiveCfg = Debug|Any CPU
		{731B3A1F-58BF-40D3-B1F8-82C480217291}.Debug|Any CPU.Build.0 = Debug|Any CPU
		{731B3A1F-58BF-40D3-B1F8-82C480217291}.Release|Any CPU.ActiveCfg = Release|Any CPU
		{731B3A1F-58BF-40D3-B1F8-82C480217291}.Release|Any CPU.Build.0 = Release|Any CPU
	EndGlobalSection
	GlobalSection(SolutionProperties) = preSolution
		HideSolutionNode = FALSE
	EndGlobalSection
	GlobalSection(ExtensibilityGlobals) = postSolution
		SolutionGuid = {FC7F92A8-64C1-4520-8121-8C5A05372983}
	EndGlobalSection
EndGlobal
